
Microsoft Visual Studio Solution File, Format Version 12.00
# Visual Studio Version 16
VisualStudioVersion = 16.0.28729.10
MinimumVisualStudioVersion = 10.0.40219.1
Project("{FAE04EC0-301F-11D3-BF4B-00C04F79EFBC}") = "0_6", "0_6.csproj", "{6D59823E-C4B4-4228-A8BA-D1CD82BA3C62}"
EndProject
Global
	GlobalSection(SolutionConfigurationPlatforms) = preSolution
		Debug|Any CPU = Debug|Any CPU
		Release|Any CPU = Release|Any CPU
	EndGlobalSection
	GlobalSection(ProjectConfigurationPlatforms) = postSolution
		{6D59823E-C4B4-4228-A8BA-D1CD82BA3C62}.Debug|Any CPU.ActiveCfg = Debug|Any CPU
		{6D59823E-C4B4-4228-A8BA-D1CD82BA3C62}.Debug|Any CPU.Build.0 = Debug|Any CPU
		{6D59823E-C4B4-4228-A8BA-D1CD82BA3C62}.Release|Any CPU.ActiveCfg = Release|Any CPU
		{6D59823E-C4B4-4228-A8BA-D1CD82BA3C62}.Release|Any CPU.Build.0 = Release|Any CPU
	EndGlobalSection
	GlobalSection(SolutionProperties) = preSolution
		HideSolutionNode = FALSE
	EndGlobalSection
	GlobalSection(ExtensibilityGlobals) = postSolution
		SolutionGuid = {8259619D-4AF1-4099-8AB2-6E29A77D9D1D}
	EndGlobalSection
EndGlobal
