
Microsoft Visual Studio Solution File, Format Version 12.00
# Visual Studio Version 16
VisualStudioVersion = 16.0.28729.10
MinimumVisualStudioVersion = 10.0.40219.1
Project("{FAE04EC0-301F-11D3-BF4B-00C04F79EFBC}") = "0_10", "0_10.csproj", "{35345643-E9EE-41BA-B0B1-73FB4C16411E}"
EndProject
Global
	GlobalSection(SolutionConfigurationPlatforms) = preSolution
		Debug|Any CPU = Debug|Any CPU
		Release|Any CPU = Release|Any CPU
	EndGlobalSection
	GlobalSection(ProjectConfigurationPlatforms) = postSolution
		{35345643-E9EE-41BA-B0B1-73FB4C16411E}.Debug|Any CPU.ActiveCfg = Debug|Any CPU
		{35345643-E9EE-41BA-B0B1-73FB4C16411E}.Debug|Any CPU.Build.0 = Debug|Any CPU
		{35345643-E9EE-41BA-B0B1-73FB4C16411E}.Release|Any CPU.ActiveCfg = Release|Any CPU
		{35345643-E9EE-41BA-B0B1-73FB4C16411E}.Release|Any CPU.Build.0 = Release|Any CPU
	EndGlobalSection
	GlobalSection(SolutionProperties) = preSolution
		HideSolutionNode = FALSE
	EndGlobalSection
	GlobalSection(ExtensibilityGlobals) = postSolution
		SolutionGuid = {A3FC0889-B42E-4D08-8145-D5EA8B6C3025}
	EndGlobalSection
EndGlobal
